PODS:
  - EZSwiftExtensions (1.10)
  - Material (2.6.3):
    - Material/Core (= 2.6.3)
  - Material/Core (2.6.3)
  - SnapKit (3.2.0)
  - Socket.IO-Client-Swift (10.2.0)
  - ZDStickerView (0.1.18)

DEPENDENCIES:
  - EZSwiftExtensions (~> 1.10)
  - Material (~> 2.6)
  - SnapKit (~> 3.2)
  - Socket.IO-Client-Swift (~> 10.2)
  - ZDStickerView (~> 0.1)

SPEC CHECKSUMS:
  EZSwiftExtensions: 172160bfb3635161c8b833d9111961ff3e6f517d
  Material: af607a7ec0e9978ef85cf189a3d8ceeeb650400f
  SnapKit: 1ca44df72cfa543218d177cb8aab029d10d86ea7
  Socket.IO-Client-Swift: ecd7fe4d2746a7557e71c2d6e95e23e3be31ddd1
  ZDStickerView: 6a9dd79e4e0e9f6686b34993a65bd50229c7b061

PODFILE CHECKSUM: 4e02d707cae497f7590d0ccdd62fb3aca8db6d9b

COCOAPODS: 1.2.1
